
Microsoft Visual Studio Solution File, Format Version 12.00
# Visual Studio 15
Project("{FAE04EC0-301F-11D3-BF4B-00C04F79EFBC}") = "Laurore_Jean_Lab6", "Laurore_Jean_Lab6\Laurore_Jean_Lab6.csproj", "{C9E9E5EF-9904-4679-B272-6EEE207BDF22}"
EndProject
Global
	GlobalSection(SolutionConfigurationPlatforms) = preSolution
		Debug|Any CPU = Debug|Any CPU
		Release|Any CPU = Release|Any CPU
	EndGlobalSection
	GlobalSection(ProjectConfigurationPlatforms) = postSolution
		{C9E9E5EF-9904-4679-B272-6EEE207BDF22}.Debug|Any CPU.ActiveCfg = Debug|Any CPU
		{C9E9E5EF-9904-4679-B272-6EEE207BDF22}.Debug|Any CPU.Build.0 = Debug|Any CPU
		{C9E9E5EF-9904-4679-B272-6EEE207BDF22}.Release|Any CPU.ActiveCfg = Release|Any CPU
		{C9E9E5EF-9904-4679-B272-6EEE207BDF22}.Release|Any CPU.Build.0 = Release|Any CPU
	EndGlobalSection
EndGlobal
